
Microsoft Visual Studio Solution File, Format Version 12.00
# Visual Studio Version 17
VisualStudioVersion = 17.14.36518.9
MinimumVisualStudioVersion = 10.0.40219.1
Project("{2150E333-8FDC-42A3-9474-1A3956D46DE8}") = "Task0", "Task0", "{02EA681E-C7D8-13C7-8484-4AC65E1B71E8}"
EndProject
Project("{FAE04EC0-301F-11D3-BF4B-00C04F79EFBC}") = "Tyuiu.AxyonovMA.Sprint3.Task0.V16", "Tyuiu.AxyonovMA.Sprint3.Task0.V16\Tyuiu.AxyonovMA.Sprint3.Task0.V16.csproj", "{52EE0C34-5214-4465-A281-DAED9D1C8F8F}"
EndProject
Project("{FAE04EC0-301F-11D3-BF4B-00C04F79EFBC}") = "Tyuiu.AxyonovMA.Sprint3.Task0.V16.Lib", "Tyuiu.AxyonovMA.Sprint3.Task0.V16.Lib\Tyuiu.AxyonovMA.Sprint3.Task0.V16.Lib.csproj", "{2EF4419E-7F83-465A-9531-F43B24209188}"
EndProject
Project("{FAE04EC0-301F-11D3-BF4B-00C04F79EFBC}") = "Tyuiu.AxyonovMA.Sprint3.Task0.V16.Test", "Tyuiu.AxyonovMA.Sprint3.Task0.V16.Test\Tyuiu.AxyonovMA.Sprint3.Task0.V16.Test.csproj", "{863527DD-473A-45FE-A459-47861F36AB7B}"
EndProject
Project("{2150E333-8FDC-42A3-9474-1A3956D46DE8}") = "Task1", "Task1", "{60792279-B52C-4C6B-A09C-703DCCB5E5C3}"
EndProject
Project("{FAE04EC0-301F-11D3-BF4B-00C04F79EFBC}") = "Tyuiu.AxyonovMA.Sprint3.Task1.V10", "Tyuiu.AxyonovMA.Sprint3.Task1.V10\Tyuiu.AxyonovMA.Sprint3.Task1.V10.csproj", "{9378B0F4-5E98-4F3D-A03B-2762D078405E}"
EndProject
Project("{FAE04EC0-301F-11D3-BF4B-00C04F79EFBC}") = "Tyuiu.AxyonovMA.Sprint3.Task1.V10.Lib", "Tyuiu.AxyonovMA.Sprint3.Task1.V10.Lib\Tyuiu.AxyonovMA.Sprint3.Task1.V10.Lib.csproj", "{E008663F-B4FD-403A-9641-2E119BB5A5C5}"
EndProject
Project("{FAE04EC0-301F-11D3-BF4B-00C04F79EFBC}") = "Tyuiu.AxyonovMA.Sprint3.Task1.V10.Test", "Tyuiu.AxyonovMA.Sprint3.Task1.V10.Test\Tyuiu.AxyonovMA.Sprint3.Task1.V10.Test.csproj", "{75E96820-DE6C-46C9-9B38-EDFB4D1EF49C}"
EndProject
Project("{2150E333-8FDC-42A3-9474-1A3956D46DE8}") = "Task2", "Task2", "{6CCDB1CB-4BEB-4902-9BE4-DAFC14C76730}"
EndProject
Project("{FAE04EC0-301F-11D3-BF4B-00C04F79EFBC}") = "Tyuiu.AxyonovMA.Sprint3.Task2.V24.Lib", "Tyuiu.AxyonovMA.Sprint3.Task2.V24.Lib\Tyuiu.AxyonovMA.Sprint3.Task2.V24.Lib.csproj", "{9DD37DAD-4E3D-4D0F-954C-FC4A9D7DF361}"
EndProject
Project("{FAE04EC0-301F-11D3-BF4B-00C04F79EFBC}") = "Tyuiu.AxyonovMA.Sprint3.Task2.V24", "Tyuiu.AxyonovMA.Sprint3.Task2.V24\Tyuiu.AxyonovMA.Sprint3.Task2.V24.csproj", "{A7B0FF72-7A70-4C54-8D96-E7BE67531A85}"
EndProject
Project("{FAE04EC0-301F-11D3-BF4B-00C04F79EFBC}") = "Tyuiu.AxyonovMA.Sprint3.Task2.V24.Test", "Tyuiu.AxyonovMA.Sprint3.Task2.V24.Test\Tyuiu.AxyonovMA.Sprint3.Task2.V24.Test.csproj", "{C7545F6B-BF36-4125-869B-3BB802E87DD2}"
EndProject
Project("{2150E333-8FDC-42A3-9474-1A3956D46DE8}") = "Task3", "Task3", "{386834D3-8D65-4748-A3FB-EBE12CA6450A}"
EndProject
Project("{FAE04EC0-301F-11D3-BF4B-00C04F79EFBC}") = "Tyuiu.AxyonovMA.Sprint3.Task3.V13.Lib", "Tyuiu.AxyonovMA.Sprint3.Task3.V13.Lib\Tyuiu.AxyonovMA.Sprint3.Task3.V13.Lib.csproj", "{DA021C9E-0CCE-4E10-88EA-209E93678865}"
EndProject
Project("{FAE04EC0-301F-11D3-BF4B-00C04F79EFBC}") = "Tyuiu.AxyonovMA.Sprint3.Task3.V13", "Tyuiu.AxyonovMA.Sprint3.Task3.V13\Tyuiu.AxyonovMA.Sprint3.Task3.V13.csproj", "{48AB90C0-2CAE-4315-AD14-7E983C8B49BF}"
EndProject
Project("{FAE04EC0-301F-11D3-BF4B-00C04F79EFBC}") = "Tyuiu.AxyonovMA.Sprint3.Task3.V13.Test", "Tyuiu.AxyonovMA.Sprint3.Task3.V13.Test\Tyuiu.AxyonovMA.Sprint3.Task3.V13.Test.csproj", "{F7F2D996-FA16-4F87-B858-BECC535BDCF1}"
EndProject
Project("{2150E333-8FDC-42A3-9474-1A3956D46DE8}") = "Task4", "Task4", "{44F46FEC-E3F4-4EA4-AEE3-B78DE9D6F893}"
EndProject
Project("{FAE04EC0-301F-11D3-BF4B-00C04F79EFBC}") = "Tyuiu.AxyonovMA.Sprint3.Task4.V30", "Tyuiu.AxyonovMA.Sprint3.Task4.V30\Tyuiu.AxyonovMA.Sprint3.Task4.V30.csproj", "{7B23C01E-388F-4AA3-9B03-329C496F8225}"
EndProject
Project("{FAE04EC0-301F-11D3-BF4B-00C04F79EFBC}") = "Tyuiu.AxyonovMA.Sprint3.Task4.V30.Lib", "Tyuiu.AxyonovMA.Sprint3.Task4.V30.Lib\Tyuiu.AxyonovMA.Sprint3.Task4.V30.Lib.csproj", "{87D87FC8-9D48-4496-A702-BC168A899695}"
EndProject
Project("{FAE04EC0-301F-11D3-BF4B-00C04F79EFBC}") = "Tyuiu.AxyonovMA.Sprint3.Task4.V30.Test", "Tyuiu.AxyonovMA.Sprint3.Task4.V30.Test\Tyuiu.AxyonovMA.Sprint3.Task4.V30.Test.csproj", "{0924C932-D2FE-4815-8DC8-6CB3137F9C29}"
EndProject
Project("{2150E333-8FDC-42A3-9474-1A3956D46DE8}") = "Task5", "Task5", "{6D81E989-0C6A-4305-A0F7-A4B24368B24E}"
EndProject
Project("{FAE04EC0-301F-11D3-BF4B-00C04F79EFBC}") = "Tyuiu.AxyonovMA.Sprint3.Task5.V29", "Tyuiu.AxyonovMA.Sprint3.Task5.V29\Tyuiu.AxyonovMA.Sprint3.Task5.V29.csproj", "{A6934B43-F922-4CB1-8FBD-A8ECBA203E36}"
EndProject
Project("{FAE04EC0-301F-11D3-BF4B-00C04F79EFBC}") = "Tyuiu.AxyonovMA.Sprint3.Task5.V29.Lib", "Tyuiu.AxyonovMA.Sprint3.Task5.V29.Lib\Tyuiu.AxyonovMA.Sprint3.Task5.V29.Lib.csproj", "{C9298B61-E86D-4411-BD59-6FDB08EAAF7C}"
EndProject
Project("{FAE04EC0-301F-11D3-BF4B-00C04F79EFBC}") = "Tyuiu.AxyonovMA.Sprint3.Task5.V29.Test", "Tyuiu.AxyonovMA.Sprint3.Task5.V29.Test\Tyuiu.AxyonovMA.Sprint3.Task5.V29.Test.csproj", "{C470197C-5DC8-4E98-A345-D30AE5DF18D5}"
EndProject
Project("{2150E333-8FDC-42A3-9474-1A3956D46DE8}") = "Task6", "Task6", "{114730E2-D2BE-4624-8F67-A0F7E1E7B4C1}"
EndProject
Project("{FAE04EC0-301F-11D3-BF4B-00C04F79EFBC}") = "Tyuiu.AxyonovMA.Sprint3.Task6.V19", "Tyuiu.AxyonovMA.Sprint3.Task6.V19\Tyuiu.AxyonovMA.Sprint3.Task6.V19.csproj", "{8CE33188-D9B7-4CC5-8258-5684F8AA6B8A}"
EndProject
Project("{FAE04EC0-301F-11D3-BF4B-00C04F79EFBC}") = "Tyuiu.AxyonovMA.Sprint3.Task6.V19.Lib", "Tyuiu.AxyonovMA.Sprint3.Task6.V19.Lib\Tyuiu.AxyonovMA.Sprint3.Task6.V19.Lib.csproj", "{86CA9208-58DD-469E-A7D5-278B3057A941}"
EndProject
Project("{FAE04EC0-301F-11D3-BF4B-00C04F79EFBC}") = "Tyuiu.AxyonovMA.Sprint3.Task6.V19.Test", "Tyuiu.AxyonovMA.Sprint3.Task6.V19.Test\Tyuiu.AxyonovMA.Sprint3.Task6.V19.Test.csproj", "{83B58087-3D79-4958-98B6-BBE58429837E}"
EndProject
Project("{2150E333-8FDC-42A3-9474-1A3956D46DE8}") = "Task7", "Task7", "{D5234C90-966C-4E0A-B5F8-51062440A0CA}"
EndProject
Project("{FAE04EC0-301F-11D3-BF4B-00C04F79EFBC}") = "Tyuiu.AxyonovMA.Sprint3.Task7.V23", "Tyuiu.AxyonovMA.Sprint3.Task7.V23\Tyuiu.AxyonovMA.Sprint3.Task7.V23.csproj", "{10603ED6-EDF0-439D-B765-294A2DE123AB}"
EndProject
Project("{FAE04EC0-301F-11D3-BF4B-00C04F79EFBC}") = "Tyuiu.AxyonovMA.Sprint3.Task7.V23.Lib", "Tyuiu.AxyonovMA.Sprint3.Task7.V23.Lib\Tyuiu.AxyonovMA.Sprint3.Task7.V23.Lib.csproj", "{8F0EF195-2E2A-4906-A793-996C48BA0448}"
EndProject
Project("{FAE04EC0-301F-11D3-BF4B-00C04F79EFBC}") = "Tyuiu.AxyonovMA.Sprint3.Task7.V23.Test", "Tyuiu.AxyonovMA.Sprint3.Task7.V23.Test\Tyuiu.AxyonovMA.Sprint3.Task7.V23.Test.csproj", "{48704E0B-80CC-4A2E-854E-A44CE027AB50}"
EndProject
Project("{FAE04EC0-301F-11D3-BF4B-00C04F79EFBC}") = "Tyuiu.AxyonovMA.Sprint3.Task7.V27.Lib", "Tyuiu.AxyonovMA.Sprint3.Task7.V27.Lib\Tyuiu.AxyonovMA.Sprint3.Task7.V27.Lib.csproj", "{C542FFD5-23E6-4DCB-B058-FE862E767A12}"
EndProject
Project("{FAE04EC0-301F-11D3-BF4B-00C04F79EFBC}") = "Tyuiu.AxyonovMA.Sprint3.Task7.V27", "Tyuiu.AxyonovMA.Sprint3.Task7.V27\Tyuiu.AxyonovMA.Sprint3.Task7.V27.csproj", "{F110C851-13CC-4F74-8857-133C7EAE8D6E}"
EndProject
Project("{FAE04EC0-301F-11D3-BF4B-00C04F79EFBC}") = "Tyuiu.AxyonovMA.Sprint3.Task7.V27.Test", "Tyuiu.AxyonovMA.Sprint3.Task7.V27.Test\Tyuiu.AxyonovMA.Sprint3.Task7.V27.Test.csproj", "{ABD928DB-53F6-487A-94DE-FD3421BCF641}"
EndProject
Global
	GlobalSection(SolutionConfigurationPlatforms) = preSolution
		Debug|Any CPU = Debug|Any CPU
		Release|Any CPU = Release|Any CPU
	EndGlobalSection
	GlobalSection(ProjectConfigurationPlatforms) = postSolution
		{52EE0C34-5214-4465-A281-DAED9D1C8F8F}.Debug|Any CPU.ActiveCfg = Debug|Any CPU
		{52EE0C34-5214-4465-A281-DAED9D1C8F8F}.Debug|Any CPU.Build.0 = Debug|Any CPU
		{52EE0C34-5214-4465-A281-DAED9D1C8F8F}.Release|Any CPU.ActiveCfg = Release|Any CPU
		{52EE0C34-5214-4465-A281-DAED9D1C8F8F}.Release|Any CPU.Build.0 = Release|Any CPU
		{2EF4419E-7F83-465A-9531-F43B24209188}.Debug|Any CPU.ActiveCfg = Debug|Any CPU
		{2EF4419E-7F83-465A-9531-F43B24209188}.Debug|Any CPU.Build.0 = Debug|Any CPU
		{2EF4419E-7F83-465A-9531-F43B24209188}.Release|Any CPU.ActiveCfg = Release|Any CPU
		{2EF4419E-7F83-465A-9531-F43B24209188}.Release|Any CPU.Build.0 = Release|Any CPU
		{863527DD-473A-45FE-A459-47861F36AB7B}.Debug|Any CPU.ActiveCfg = Debug|Any CPU
		{863527DD-473A-45FE-A459-47861F36AB7B}.Debug|Any CPU.Build.0 = Debug|Any CPU
		{863527DD-473A-45FE-A459-47861F36AB7B}.Release|Any CPU.ActiveCfg = Release|Any CPU
		{863527DD-473A-45FE-A459-47861F36AB7B}.Release|Any CPU.Build.0 = Release|Any CPU
		{9378B0F4-5E98-4F3D-A03B-2762D078405E}.Debug|Any CPU.ActiveCfg = Debug|Any CPU
		{9378B0F4-5E98-4F3D-A03B-2762D078405E}.Debug|Any CPU.Build.0 = Debug|Any CPU
		{9378B0F4-5E98-4F3D-A03B-2762D078405E}.Release|Any CPU.ActiveCfg = Release|Any CPU
		{9378B0F4-5E98-4F3D-A03B-2762D078405E}.Release|Any CPU.Build.0 = Release|Any CPU
		{E008663F-B4FD-403A-9641-2E119BB5A5C5}.Debug|Any CPU.ActiveCfg = Debug|Any CPU
		{E008663F-B4FD-403A-9641-2E119BB5A5C5}.Debug|Any CPU.Build.0 = Debug|Any CPU
		{E008663F-B4FD-403A-9641-2E119BB5A5C5}.Release|Any CPU.ActiveCfg = Release|Any CPU
		{E008663F-B4FD-403A-9641-2E119BB5A5C5}.Release|Any CPU.Build.0 = Release|Any CPU
		{75E96820-DE6C-46C9-9B38-EDFB4D1EF49C}.Debug|Any CPU.ActiveCfg = Debug|Any CPU
		{75E96820-DE6C-46C9-9B38-EDFB4D1EF49C}.Debug|Any CPU.Build.0 = Debug|Any CPU
		{75E96820-DE6C-46C9-9B38-EDFB4D1EF49C}.Release|Any CPU.ActiveCfg = Release|Any CPU
		{75E96820-DE6C-46C9-9B38-EDFB4D1EF49C}.Release|Any CPU.Build.0 = Release|Any CPU
		{9DD37DAD-4E3D-4D0F-954C-FC4A9D7DF361}.Debug|Any CPU.ActiveCfg = Debug|Any CPU
		{9DD37DAD-4E3D-4D0F-954C-FC4A9D7DF361}.Debug|Any CPU.Build.0 = Debug|Any CPU
		{9DD37DAD-4E3D-4D0F-954C-FC4A9D7DF361}.Release|Any CPU.ActiveCfg = Release|Any CPU
		{9DD37DAD-4E3D-4D0F-954C-FC4A9D7DF361}.Release|Any CPU.Build.0 = Release|Any CPU
		{A7B0FF72-7A70-4C54-8D96-E7BE67531A85}.Debug|Any CPU.ActiveCfg = Debug|Any CPU
		{A7B0FF72-7A70-4C54-8D96-E7BE67531A85}.Debug|Any CPU.Build.0 = Debug|Any CPU
		{A7B0FF72-7A70-4C54-8D96-E7BE67531A85}.Release|Any CPU.ActiveCfg = Release|Any CPU
		{A7B0FF72-7A70-4C54-8D96-E7BE67531A85}.Release|Any CPU.Build.0 = Release|Any CPU
		{C7545F6B-BF36-4125-869B-3BB802E87DD2}.Debug|Any CPU.ActiveCfg = Debug|Any CPU
		{C7545F6B-BF36-4125-869B-3BB802E87DD2}.Debug|Any CPU.Build.0 = Debug|Any CPU
		{C7545F6B-BF36-4125-869B-3BB802E87DD2}.Release|Any CPU.ActiveCfg = Release|Any CPU
		{C7545F6B-BF36-4125-869B-3BB802E87DD2}.Release|Any CPU.Build.0 = Release|Any CPU
		{DA021C9E-0CCE-4E10-88EA-209E93678865}.Debug|Any CPU.ActiveCfg = Debug|Any CPU
		{DA021C9E-0CCE-4E10-88EA-209E93678865}.Debug|Any CPU.Build.0 = Debug|Any CPU
		{DA021C9E-0CCE-4E10-88EA-209E93678865}.Release|Any CPU.ActiveCfg = Release|Any CPU
		{DA021C9E-0CCE-4E10-88EA-209E93678865}.Release|Any CPU.Build.0 = Release|Any CPU
		{48AB90C0-2CAE-4315-AD14-7E983C8B49BF}.Debug|Any CPU.ActiveCfg = Debug|Any CPU
		{48AB90C0-2CAE-4315-AD14-7E983C8B49BF}.Debug|Any CPU.Build.0 = Debug|Any CPU
		{48AB90C0-2CAE-4315-AD14-7E983C8B49BF}.Release|Any CPU.ActiveCfg = Release|Any CPU
		{48AB90C0-2CAE-4315-AD14-7E983C8B49BF}.Release|Any CPU.Build.0 = Release|Any CPU
		{F7F2D996-FA16-4F87-B858-BECC535BDCF1}.Debug|Any CPU.ActiveCfg = Debug|Any CPU
		{F7F2D996-FA16-4F87-B858-BECC535BDCF1}.Debug|Any CPU.Build.0 = Debug|Any CPU
		{F7F2D996-FA16-4F87-B858-BECC535BDCF1}.Release|Any CPU.ActiveCfg = Release|Any CPU
		{F7F2D996-FA16-4F87-B858-BECC535BDCF1}.Release|Any CPU.Build.0 = Release|Any CPU
		{7B23C01E-388F-4AA3-9B03-329C496F8225}.Debug|Any CPU.ActiveCfg = Debug|Any CPU
		{7B23C01E-388F-4AA3-9B03-329C496F8225}.Debug|Any CPU.Build.0 = Debug|Any CPU
		{7B23C01E-388F-4AA3-9B03-329C496F8225}.Release|Any CPU.ActiveCfg = Release|Any CPU
		{7B23C01E-388F-4AA3-9B03-329C496F8225}.Release|Any CPU.Build.0 = Release|Any CPU
		{87D87FC8-9D48-4496-A702-BC168A899695}.Debug|Any CPU.ActiveCfg = Debug|Any CPU
		{87D87FC8-9D48-4496-A702-BC168A899695}.Debug|Any CPU.Build.0 = Debug|Any CPU
		{87D87FC8-9D48-4496-A702-BC168A899695}.Release|Any CPU.ActiveCfg = Release|Any CPU
		{87D87FC8-9D48-4496-A702-BC168A899695}.Release|Any CPU.Build.0 = Release|Any CPU
		{0924C932-D2FE-4815-8DC8-6CB3137F9C29}.Debug|Any CPU.ActiveCfg = Debug|Any CPU
		{0924C932-D2FE-4815-8DC8-6CB3137F9C29}.Debug|Any CPU.Build.0 = Debug|Any CPU
		{0924C932-D2FE-4815-8DC8-6CB3137F9C29}.Release|Any CPU.ActiveCfg = Release|Any CPU
		{0924C932-D2FE-4815-8DC8-6CB3137F9C29}.Release|Any CPU.Build.0 = Release|Any CPU
		{A6934B43-F922-4CB1-8FBD-A8ECBA203E36}.Debug|Any CPU.ActiveCfg = Debug|Any CPU
		{A6934B43-F922-4CB1-8FBD-A8ECBA203E36}.Debug|Any CPU.Build.0 = Debug|Any CPU
		{A6934B43-F922-4CB1-8FBD-A8ECBA203E36}.Release|Any CPU.ActiveCfg = Release|Any CPU
		{A6934B43-F922-4CB1-8FBD-A8ECBA203E36}.Release|Any CPU.Build.0 = Release|Any CPU
		{C9298B61-E86D-4411-BD59-6FDB08EAAF7C}.Debug|Any CPU.ActiveCfg = Debug|Any CPU
		{C9298B61-E86D-4411-BD59-6FDB08EAAF7C}.Debug|Any CPU.Build.0 = Debug|Any CPU
		{C9298B61-E86D-4411-BD59-6FDB08EAAF7C}.Release|Any CPU.ActiveCfg = Release|Any CPU
		{C9298B61-E86D-4411-BD59-6FDB08EAAF7C}.Release|Any CPU.Build.0 = Release|Any CPU
		{C470197C-5DC8-4E98-A345-D30AE5DF18D5}.Debug|Any CPU.ActiveCfg = Debug|Any CPU
		{C470197C-5DC8-4E98-A345-D30AE5DF18D5}.Debug|Any CPU.Build.0 = Debug|Any CPU
		{C470197C-5DC8-4E98-A345-D30AE5DF18D5}.Release|Any CPU.ActiveCfg = Release|Any CPU
		{C470197C-5DC8-4E98-A345-D30AE5DF18D5}.Release|Any CPU.Build.0 = Release|Any CPU
		{8CE33188-D9B7-4CC5-8258-5684F8AA6B8A}.Debug|Any CPU.ActiveCfg = Debug|Any CPU
		{8CE33188-D9B7-4CC5-8258-5684F8AA6B8A}.Debug|Any CPU.Build.0 = Debug|Any CPU
		{8CE33188-D9B7-4CC5-8258-5684F8AA6B8A}.Release|Any CPU.ActiveCfg = Release|Any CPU
		{8CE33188-D9B7-4CC5-8258-5684F8AA6B8A}.Release|Any CPU.Build.0 = Release|Any CPU
		{86CA9208-58DD-469E-A7D5-278B3057A941}.Debug|Any CPU.ActiveCfg = Debug|Any CPU
		{86CA9208-58DD-469E-A7D5-278B3057A941}.Debug|Any CPU.Build.0 = Debug|Any CPU
		{86CA9208-58DD-469E-A7D5-278B3057A941}.Release|Any CPU.ActiveCfg = Release|Any CPU
		{86CA9208-58DD-469E-A7D5-278B3057A941}.Release|Any CPU.Build.0 = Release|Any CPU
		{83B58087-3D79-4958-98B6-BBE58429837E}.Debug|Any CPU.ActiveCfg = Debug|Any CPU
		{83B58087-3D79-4958-98B6-BBE58429837E}.Debug|Any CPU.Build.0 = Debug|Any CPU
		{83B58087-3D79-4958-98B6-BBE58429837E}.Release|Any CPU.ActiveCfg = Release|Any CPU
		{83B58087-3D79-4958-98B6-BBE58429837E}.Release|Any CPU.Build.0 = Release|Any CPU
		{10603ED6-EDF0-439D-B765-294A2DE123AB}.Debug|Any CPU.ActiveCfg = Debug|Any CPU
		{10603ED6-EDF0-439D-B765-294A2DE123AB}.Debug|Any CPU.Build.0 = Debug|Any CPU
		{10603ED6-EDF0-439D-B765-294A2DE123AB}.Release|Any CPU.ActiveCfg = Release|Any CPU
		{10603ED6-EDF0-439D-B765-294A2DE123AB}.Release|Any CPU.Build.0 = Release|Any CPU
		{8F0EF195-2E2A-4906-A793-996C48BA0448}.Debug|Any CPU.ActiveCfg = Debug|Any CPU
		{8F0EF195-2E2A-4906-A793-996C48BA0448}.Debug|Any CPU.Build.0 = Debug|Any CPU
		{8F0EF195-2E2A-4906-A793-996C48BA0448}.Release|Any CPU.ActiveCfg = Release|Any CPU
		{8F0EF195-2E2A-4906-A793-996C48BA0448}.Release|Any CPU.Build.0 = Release|Any CPU
		{48704E0B-80CC-4A2E-854E-A44CE027AB50}.Debug|Any CPU.ActiveCfg = Debug|Any CPU
		{48704E0B-80CC-4A2E-854E-A44CE027AB50}.Debug|Any CPU.Build.0 = Debug|Any CPU
		{48704E0B-80CC-4A2E-854E-A44CE027AB50}.Release|Any CPU.ActiveCfg = Release|Any CPU
		{48704E0B-80CC-4A2E-854E-A44CE027AB50}.Release|Any CPU.Build.0 = Release|Any CPU
		{C542FFD5-23E6-4DCB-B058-FE862E767A12}.Debug|Any CPU.ActiveCfg = Debug|Any CPU
		{C542FFD5-23E6-4DCB-B058-FE862E767A12}.Debug|Any CPU.Build.0 = Debug|Any CPU
		{C542FFD5-23E6-4DCB-B058-FE862E767A12}.Release|Any CPU.ActiveCfg = Release|Any CPU
		{C542FFD5-23E6-4DCB-B058-FE862E767A12}.Release|Any CPU.Build.0 = Release|Any CPU
		{F110C851-13CC-4F74-8857-133C7EAE8D6E}.Debug|Any CPU.ActiveCfg = Debug|Any CPU
		{F110C851-13CC-4F74-8857-133C7EAE8D6E}.Debug|Any CPU.Build.0 = Debug|Any CPU
		{F110C851-13CC-4F74-8857-133C7EAE8D6E}.Release|Any CPU.ActiveCfg = Release|Any CPU
		{F110C851-13CC-4F74-8857-133C7EAE8D6E}.Release|Any CPU.Build.0 = Release|Any CPU
		{ABD928DB-53F6-487A-94DE-FD3421BCF641}.Debug|Any CPU.ActiveCfg = Debug|Any CPU
		{ABD928DB-53F6-487A-94DE-FD3421BCF641}.Debug|Any CPU.Build.0 = Debug|Any CPU
		{ABD928DB-53F6-487A-94DE-FD3421BCF641}.Release|Any CPU.ActiveCfg = Release|Any CPU
		{ABD928DB-53F6-487A-94DE-FD3421BCF641}.Release|Any CPU.Build.0 = Release|Any CPU
	EndGlobalSection
	GlobalSection(SolutionProperties) = preSolution
		HideSolutionNode = FALSE
	EndGlobalSection
	GlobalSection(NestedProjects) = preSolution
		{52EE0C34-5214-4465-A281-DAED9D1C8F8F} = {02EA681E-C7D8-13C7-8484-4AC65E1B71E8}
		{2EF4419E-7F83-465A-9531-F43B24209188} = {02EA681E-C7D8-13C7-8484-4AC65E1B71E8}
		{863527DD-473A-45FE-A459-47861F36AB7B} = {02EA681E-C7D8-13C7-8484-4AC65E1B71E8}
		{9378B0F4-5E98-4F3D-A03B-2762D078405E} = {60792279-B52C-4C6B-A09C-703DCCB5E5C3}
		{E008663F-B4FD-403A-9641-2E119BB5A5C5} = {60792279-B52C-4C6B-A09C-703DCCB5E5C3}
		{75E96820-DE6C-46C9-9B38-EDFB4D1EF49C} = {60792279-B52C-4C6B-A09C-703DCCB5E5C3}
		{9DD37DAD-4E3D-4D0F-954C-FC4A9D7DF361} = {6CCDB1CB-4BEB-4902-9BE4-DAFC14C76730}
		{A7B0FF72-7A70-4C54-8D96-E7BE67531A85} = {6CCDB1CB-4BEB-4902-9BE4-DAFC14C76730}
		{C7545F6B-BF36-4125-869B-3BB802E87DD2} = {6CCDB1CB-4BEB-4902-9BE4-DAFC14C76730}
		{DA021C9E-0CCE-4E10-88EA-209E93678865} = {386834D3-8D65-4748-A3FB-EBE12CA6450A}
		{48AB90C0-2CAE-4315-AD14-7E983C8B49BF} = {386834D3-8D65-4748-A3FB-EBE12CA6450A}
		{F7F2D996-FA16-4F87-B858-BECC535BDCF1} = {386834D3-8D65-4748-A3FB-EBE12CA6450A}
		{7B23C01E-388F-4AA3-9B03-329C496F8225} = {44F46FEC-E3F4-4EA4-AEE3-B78DE9D6F893}
		{87D87FC8-9D48-4496-A702-BC168A899695} = {44F46FEC-E3F4-4EA4-AEE3-B78DE9D6F893}
		{0924C932-D2FE-4815-8DC8-6CB3137F9C29} = {44F46FEC-E3F4-4EA4-AEE3-B78DE9D6F893}
		{A6934B43-F922-4CB1-8FBD-A8ECBA203E36} = {6D81E989-0C6A-4305-A0F7-A4B24368B24E}
		{C9298B61-E86D-4411-BD59-6FDB08EAAF7C} = {6D81E989-0C6A-4305-A0F7-A4B24368B24E}
		{C470197C-5DC8-4E98-A345-D30AE5DF18D5} = {6D81E989-0C6A-4305-A0F7-A4B24368B24E}
		{8CE33188-D9B7-4CC5-8258-5684F8AA6B8A} = {114730E2-D2BE-4624-8F67-A0F7E1E7B4C1}
		{86CA9208-58DD-469E-A7D5-278B3057A941} = {114730E2-D2BE-4624-8F67-A0F7E1E7B4C1}
		{83B58087-3D79-4958-98B6-BBE58429837E} = {114730E2-D2BE-4624-8F67-A0F7E1E7B4C1}
		{10603ED6-EDF0-439D-B765-294A2DE123AB} = {D5234C90-966C-4E0A-B5F8-51062440A0CA}
		{8F0EF195-2E2A-4906-A793-996C48BA0448} = {D5234C90-966C-4E0A-B5F8-51062440A0CA}
		{48704E0B-80CC-4A2E-854E-A44CE027AB50} = {D5234C90-966C-4E0A-B5F8-51062440A0CA}
		{C542FFD5-23E6-4DCB-B058-FE862E767A12} = {D5234C90-966C-4E0A-B5F8-51062440A0CA}
		{F110C851-13CC-4F74-8857-133C7EAE8D6E} = {D5234C90-966C-4E0A-B5F8-51062440A0CA}
		{ABD928DB-53F6-487A-94DE-FD3421BCF641} = {D5234C90-966C-4E0A-B5F8-51062440A0CA}
	EndGlobalSection
	GlobalSection(ExtensibilityGlobals) = postSolution
		SolutionGuid = {3920D2AD-9F27-49D5-A13C-7C8303433630}
	EndGlobalSection
EndGlobal
